
Microsoft Visual Studio Solution File, Format Version 12.00
# Visual Studio Version 16
VisualStudioVersion = 16.0.30503.244
MinimumVisualStudioVersion = 10.0.40219.1
Project("{FAE04EC0-301F-11D3-BF4B-00C04F79EFBC}") = "SeminarManagement.Api", "SeminarManagement.Api\SeminarManagement.Api.csproj", "{561D1667-99C5-4398-8E1C-6416C4FE1926}"
EndProject
Project("{FAE04EC0-301F-11D3-BF4B-00C04F79EFBC}") = "SeminarMnagamenet.Models", "SeminarMnagamenet.Models\SeminarMnagamenet.Models.csproj", "{7EF82FED-0D9C-460A-8FB9-8EEF1AE28162}"
EndProject
Project("{FAE04EC0-301F-11D3-BF4B-00C04F79EFBC}") = "SeminarManagement.Databse.EFCore", "SeminarManagement.Databse.EFCore\SeminarManagement.Databse.EFCore.csproj", "{1B2FF34E-838C-44A6-9670-9A7A42879708}"
EndProject
Project("{FAE04EC0-301F-11D3-BF4B-00C04F79EFBC}") = "SeminarManagement.Services", "SeminarManagement.Services\SeminarManagement.Services.csproj", "{C94586D1-5365-41F3-8404-00CAAF42BBDA}"
EndProject
Project("{FAE04EC0-301F-11D3-BF4B-00C04F79EFBC}") = "SeminarManagement.UI.Web", "SeminarManagement.UI.Web\SeminarManagement.UI.Web.csproj", "{FB4816B2-50C4-4BD0-B90C-807256830B14}"
EndProject
Global
	GlobalSection(SolutionConfigurationPlatforms) = preSolution
		Debug|Any CPU = Debug|Any CPU
		Release|Any CPU = Release|Any CPU
	EndGlobalSection
	GlobalSection(ProjectConfigurationPlatforms) = postSolution
		{561D1667-99C5-4398-8E1C-6416C4FE1926}.Debug|Any CPU.ActiveCfg = Debug|Any CPU
		{561D1667-99C5-4398-8E1C-6416C4FE1926}.Debug|Any CPU.Build.0 = Debug|Any CPU
		{561D1667-99C5-4398-8E1C-6416C4FE1926}.Release|Any CPU.ActiveCfg = Release|Any CPU
		{561D1667-99C5-4398-8E1C-6416C4FE1926}.Release|Any CPU.Build.0 = Release|Any CPU
		{7EF82FED-0D9C-460A-8FB9-8EEF1AE28162}.Debug|Any CPU.ActiveCfg = Debug|Any CPU
		{7EF82FED-0D9C-460A-8FB9-8EEF1AE28162}.Debug|Any CPU.Build.0 = Debug|Any CPU
		{7EF82FED-0D9C-460A-8FB9-8EEF1AE28162}.Release|Any CPU.ActiveCfg = Release|Any CPU
		{7EF82FED-0D9C-460A-8FB9-8EEF1AE28162}.Release|Any CPU.Build.0 = Release|Any CPU
		{1B2FF34E-838C-44A6-9670-9A7A42879708}.Debug|Any CPU.ActiveCfg = Debug|Any CPU
		{1B2FF34E-838C-44A6-9670-9A7A42879708}.Debug|Any CPU.Build.0 = Debug|Any CPU
		{1B2FF34E-838C-44A6-9670-9A7A42879708}.Release|Any CPU.ActiveCfg = Release|Any CPU
		{1B2FF34E-838C-44A6-9670-9A7A42879708}.Release|Any CPU.Build.0 = Release|Any CPU
		{C94586D1-5365-41F3-8404-00CAAF42BBDA}.Debug|Any CPU.ActiveCfg = Debug|Any CPU
		{C94586D1-5365-41F3-8404-00CAAF42BBDA}.Debug|Any CPU.Build.0 = Debug|Any CPU
		{C94586D1-5365-41F3-8404-00CAAF42BBDA}.Release|Any CPU.ActiveCfg = Release|Any CPU
		{C94586D1-5365-41F3-8404-00CAAF42BBDA}.Release|Any CPU.Build.0 = Release|Any CPU
		{FB4816B2-50C4-4BD0-B90C-807256830B14}.Debug|Any CPU.ActiveCfg = Debug|Any CPU
		{FB4816B2-50C4-4BD0-B90C-807256830B14}.Debug|Any CPU.Build.0 = Debug|Any CPU
		{FB4816B2-50C4-4BD0-B90C-807256830B14}.Release|Any CPU.ActiveCfg = Release|Any CPU
		{FB4816B2-50C4-4BD0-B90C-807256830B14}.Release|Any CPU.Build.0 = Release|Any CPU
	EndGlobalSection
	GlobalSection(SolutionProperties) = preSolution
		HideSolutionNode = FALSE
	EndGlobalSection
	GlobalSection(ExtensibilityGlobals) = postSolution
		SolutionGuid = {1755149C-7E24-4F9D-964D-D1D4D7F405CA}
	EndGlobalSection
EndGlobal
